
Microsoft Visual Studio Solution File, Format Version 12.00
# Visual Studio Version 17
VisualStudioVersion = 17.14.36603.0 d17.14
MinimumVisualStudioVersion = 10.0.40219.1
Project("{FAE04EC0-301F-11D3-BF4B-00C04F79EFBC}") = "StringAnalysisAPI", "StringAnalysisAPI\StringAnalysisAPI.csproj", "{186898DA-A093-47E2-975C-1ADC743E577E}"
EndProject
Global
	GlobalSection(SolutionConfigurationPlatforms) = preSolution
		Debug|Any CPU = Debug|Any CPU
		Release|Any CPU = Release|Any CPU
	EndGlobalSection
	GlobalSection(ProjectConfigurationPlatforms) = postSolution
		{186898DA-A093-47E2-975C-1ADC743E577E}.Debug|Any CPU.ActiveCfg = Debug|Any CPU
		{186898DA-A093-47E2-975C-1ADC743E577E}.Debug|Any CPU.Build.0 = Debug|Any CPU
		{186898DA-A093-47E2-975C-1ADC743E577E}.Release|Any CPU.ActiveCfg = Release|Any CPU
		{186898DA-A093-47E2-975C-1ADC743E577E}.Release|Any CPU.Build.0 = Release|Any CPU
	EndGlobalSection
	GlobalSection(SolutionProperties) = preSolution
		HideSolutionNode = FALSE
	EndGlobalSection
	GlobalSection(ExtensibilityGlobals) = postSolution
		SolutionGuid = {6E412CDB-CA37-49E0-9423-0D23507B12C0}
	EndGlobalSection
EndGlobal
